
Microsoft Visual Studio Solution File, Format Version 12.00
# Visual Studio Version 17
VisualStudioVersion = 17.13.35919.96 d17.13
MinimumVisualStudioVersion = 10.0.40219.1
Project("{FAE04EC0-301F-11D3-BF4B-00C04F79EFBC}") = "WinFormsApp1", "WinFormsApp1\WinFormsApp1.csproj", "{A1749E62-001D-42B6-9FC2-B213C29EEC7E}"
EndProject
Global
	GlobalSection(SolutionConfigurationPlatforms) = preSolution
		Debug|Any CPU = Debug|Any CPU
		Release|Any CPU = Release|Any CPU
	EndGlobalSection
	GlobalSection(ProjectConfigurationPlatforms) = postSolution
		{A1749E62-001D-42B6-9FC2-B213C29EEC7E}.Debug|Any CPU.ActiveCfg = Debug|Any CPU
		{A1749E62-001D-42B6-9FC2-B213C29EEC7E}.Debug|Any CPU.Build.0 = Debug|Any CPU
		{A1749E62-001D-42B6-9FC2-B213C29EEC7E}.Release|Any CPU.ActiveCfg = Release|Any CPU
		{A1749E62-001D-42B6-9FC2-B213C29EEC7E}.Release|Any CPU.Build.0 = Release|Any CPU
	EndGlobalSection
	GlobalSection(SolutionProperties) = preSolution
		HideSolutionNode = FALSE
	EndGlobalSection
	GlobalSection(ExtensibilityGlobals) = postSolution
		SolutionGuid = {4450A2FB-9623-487D-A750-6A6D1DB7EB01}
	EndGlobalSection
EndGlobal
