
Microsoft Visual Studio Solution File, Format Version 12.00
# Visual Studio Version 17
VisualStudioVersion = 17.13.35919.96 d17.13
MinimumVisualStudioVersion = 10.0.40219.1
Project("{FAE04EC0-301F-11D3-BF4B-00C04F79EFBC}") = "WinFormsApp5", "WinFormsApp5.csproj", "{728B885A-DA87-48EE-B416-5E4594DA1D2D}"
EndProject
Global
	GlobalSection(SolutionConfigurationPlatforms) = preSolution
		Debug|Any CPU = Debug|Any CPU
		Release|Any CPU = Release|Any CPU
	EndGlobalSection
	GlobalSection(ProjectConfigurationPlatforms) = postSolution
		{728B885A-DA87-48EE-B416-5E4594DA1D2D}.Debug|Any CPU.ActiveCfg = Debug|Any CPU
		{728B885A-DA87-48EE-B416-5E4594DA1D2D}.Debug|Any CPU.Build.0 = Debug|Any CPU
		{728B885A-DA87-48EE-B416-5E4594DA1D2D}.Release|Any CPU.ActiveCfg = Release|Any CPU
		{728B885A-DA87-48EE-B416-5E4594DA1D2D}.Release|Any CPU.Build.0 = Release|Any CPU
	EndGlobalSection
	GlobalSection(SolutionProperties) = preSolution
		HideSolutionNode = FALSE
	EndGlobalSection
	GlobalSection(ExtensibilityGlobals) = postSolution
		SolutionGuid = {B4CF6D34-E0E7-4769-88C9-67EF4EE44018}
	EndGlobalSection
EndGlobal
